
Microsoft Visual Studio Solution File, Format Version 12.00
# Visual Studio 2012
Project("{FAE04EC0-301F-11D3-BF4B-00C04F79EFBC}") = "Gadgeteer.ServiceBusDirect", "Gadgeteer.ServiceBusDirect\Gadgeteer.ServiceBusDirect.csproj", "{C2C3601E-2797-49FA-9756-BD34027F033C}"
EndProject
Global
	GlobalSection(SolutionConfigurationPlatforms) = preSolution
		Debug|Any CPU = Debug|Any CPU
		Release|Any CPU = Release|Any CPU
	EndGlobalSection
	GlobalSection(ProjectConfigurationPlatforms) = postSolution
		{C2C3601E-2797-49FA-9756-BD34027F033C}.Debug|Any CPU.ActiveCfg = Debug|Any CPU
		{C2C3601E-2797-49FA-9756-BD34027F033C}.Debug|Any CPU.Build.0 = Debug|Any CPU
		{C2C3601E-2797-49FA-9756-BD34027F033C}.Debug|Any CPU.Deploy.0 = Debug|Any CPU
		{C2C3601E-2797-49FA-9756-BD34027F033C}.Release|Any CPU.ActiveCfg = Release|Any CPU
		{C2C3601E-2797-49FA-9756-BD34027F033C}.Release|Any CPU.Build.0 = Release|Any CPU
		{C2C3601E-2797-49FA-9756-BD34027F033C}.Release|Any CPU.Deploy.0 = Release|Any CPU
	EndGlobalSection
	GlobalSection(SolutionProperties) = preSolution
		HideSolutionNode = FALSE
	EndGlobalSection
EndGlobal
